// !$*UTF8*$!
{
	archiveVersion = 1;
	classes = {
	};
	objectVersion = 51;
	objects = {

/* Begin PBXBuildFile section */
		7C8AB0A52434712500E39098 /* AppDelegate.swift in Sources */ = {isa = PBXBuildFile; fileRef = 7C8AB0A42434712500E39098 /* AppDelegate.swift */; };
		7C8AB0A72434712500E39098 /* SceneDelegate.swift in Sources */ = {isa = PBXBuildFile; fileRef = 7C8AB0A62434712500E39098 /* SceneDelegate.swift */; };
		7C8AB0A92434712500E39098 /* ViewController.swift in Sources */ = {isa = PBXBuildFile; fileRef = 7C8AB0A82434712500E39098 /* ViewController.swift */; };
		7C8AB0AC2434712500E39098 /* Main.storyboard in Resources */ = {isa = PBXBuildFile; fileRef = 7C8AB0AA2434712500E39098 /* Main.storyboard */; };
		7C8AB0AE2434712600E39098 /* Assets.xcassets in Resources */ = {isa = PBXBuildFile; fileRef = 7C8AB0AD2434712600E39098 /* Assets.xcassets */; };
		7C8AB0B12434712600E39098 /* LaunchScreen.storyboard in Resources */ = {isa = PBXBuildFile; fileRef = 7C8AB0AF2434712600E39098 /* LaunchScreen.storyboard */; };
		A3A6397D775D93B9D0B32783 /* Pods_PracticeSwift.framework in Frameworks */ = {isa = PBXBuildFile; fileRef = 69D16C84B0514EF73CC9DEDB /* Pods_PracticeSwift.framework */; };
/* End PBXBuildFile section */

/* Begin PBXFileReference section */
		081B6E6DE12F275CA72EA4E6 /* Pods-PracticeSwift.release.xcconfig */ = {isa = PBXFileReference; includeInIndex = 1; lastKnownFileType = text.xcconfig; name = "Pods-PracticeSwift.release.xcconfig"; path = "Target Support Files/Pods-PracticeSwift/Pods-PracticeSwift.release.xcconfig"; sourceTree = "<group>"; };
		69D16C84B0514EF73CC9DEDB /* Pods_PracticeSwift.framework */ = {isa = PBXFileReference; explicitFileType = wrapper.framework; includeInIndex = 0; path = Pods_PracticeSwift.framework; sourceTree = BUILT_PRODUCTS_DIR; };
		7C8AB0A12434712500E39098 /* PracticeSwift.app */ = {isa = PBXFileReference; explicitFileType = wrapper.application; includeInIndex = 0; path = PracticeSwift.app; sourceTree = BUILT_PRODUCTS_DIR; };
		7C8AB0A42434712500E39098 /* AppDelegate.swift */ = {isa = PBXFileReference; lastKnownFileType = sourcecode.swift; path = AppDelegate.swift; sourceTree = "<group>"; };
		7C8AB0A62434712500E39098 /* SceneDelegate.swift */ = {isa = PBXFileReference; lastKnownFileType = sourcecode.swift; path = SceneDelegate.swift; sourceTree = "<group>"; };
		7C8AB0A82434712500E39098 /* ViewController.swift */ = {isa = PBXFileReference; lastKnownFileType = sourcecode.swift; path = ViewController.swift; sourceTree = "<group>"; };
		7C8AB0AB2434712500E39098 /* Base */ = {isa = PBXFileReference; lastKnownFileType = file.storyboard; name = Base; path = Base.lproj/Main.storyboard; sourceTree = "<group>"; };
		7C8AB0AD2434712600E39098 /* Assets.xcassets */ = {isa = PBXFileReference; lastKnownFileType = folder.assetcatalog; path = Assets.xcassets; sourceTree = "<group>"; };
		7C8AB0B02434712600E39098 /* Base */ = {isa = PBXFileReference; lastKnownFileType = file.storyboard; name = Base; path = Base.lproj/LaunchScreen.storyboard; sourceTree = "<group>"; };
		7C8AB0B22434712600E39098 /* Info.plist */ = {isa = PBXFileReference; lastKnownFileType = text.plist.xml; path = Info.plist; sourceTree = "<group>"; };
		FFCD9FBC5014BAA9F2B93C0A /* Pods-PracticeSwift.debug.xcconfig */ = {isa = PBXFileReference; includeInIndex = 1; lastKnownFileType = text.xcconfig; name = "Pods-PracticeSwift.debug.xcconfig"; path = "Target Support Files/Pods-PracticeSwift/Pods-PracticeSwift.debug.xcconfig"; sourceTree = "<group>"; };
/* End PBXFileReference section */

/* Begin PBXFrameworksBuildPhase section */
		7C8AB09E2434712500E39098 /* Frameworks */ = {
			isa = PBXFrameworksBuildPhase;
			buildActionMask = 2147483647;
			files = (
				A3A6397D775D93B9D0B32783 /* Pods_PracticeSwift.framework in Frameworks */,
			);
			runOnlyForDeploymentPostprocessing = 0;
		};
/* End PBXFrameworksBuildPhase section */

/* Begin PBXGroup section */
		1E35A5DA1A0647E5B370B311 /* Pods */ = {
			isa = PBXGroup;
			children = (
				FFCD9FBC5014BAA9F2B93C0A /* Pods-PracticeSwift.debug.xcconfig */,
				081B6E6DE12F275CA72EA4E6 /* Pods-PracticeSwift.release.xcconfig */,
			);
			path = Pods;
			sourceTree = "<group>";
		};
		7C8AB0982434712500E39098 = {
			isa = PBXGroup;
			children = (
				7C8AB0A32434712500E39098 /* PracticeSwift */,
				7C8AB0A22434712500E39098 /* Products */,
				1E35A5DA1A0647E5B370B311 /* Pods */,
				EF53E9624905A7295F927B93 /* Frameworks */,
			);
			sourceTree = "<group>";
		};
		7C8AB0A22434712500E39098 /* Products */ = {
			isa = PBXGroup;
			children = (
				7C8AB0A12434712500E39098 /* PracticeSwift.app */,
			);
			name = Products;
			sourceTree = "<group>";
		};
		7C8AB0A32434712500E39098 /* PracticeSwift */ = {
			isa = PBXGroup;
			children = (
				7C8AB0A42434712500E39098 /* AppDelegate.swift */,
				7C8AB0A62434712500E39098 /* SceneDelegate.swift */,
				7C8AB0A82434712500E39098 /* ViewController.swift */,
				7C8AB0AA2434712500E39098 /* Main.storyboard */,
				7C8AB0AD2434712600E39098 /* Assets.xcassets */,
				7C8AB0AF2434712600E39098 /* LaunchScreen.storyboard */,
				7C8AB0B22434712600E39098 /* Info.plist */,
			);
			path = PracticeSwift;
			sourceTree = "<group>";
		};
		EF53E9624905A7295F927B93 /* Frameworks */ = {
			isa = PBXGroup;
			children = (
				69D16C84B0514EF73CC9DEDB /* Pods_PracticeSwift.framework */,
			);
			name = Frameworks;
			sourceTree = "<group>";
		};
/* End PBXGroup section */

/* Begin PBXNativeTarget section */
		7C8AB0A02434712500E39098 /* PracticeSwift */ = {
			isa = PBXNativeTarget;
			buildConfigurationList = 7C8AB0B52434712600E39098 /* Build configuration list for PBXNativeTarget "PracticeSwift" */;
			buildPhases = (
				B989B2AC3757C9E7CEBA61DD /* [CP] Check Pods Manifest.lock */,
				7C8AB09D2434712500E39098 /* Sources */,
				7C8AB09E2434712500E39098 /* Frameworks */,
				7C8AB09F2434712500E39098 /* Resources */,
				88EB42471CFD47270EA7944A /* [CP] Embed Pods Frameworks */,
			);
			buildRules = (
			);
			dependencies = (
			);
			name = PracticeSwift;
			productName = PracticeSwift;
			productReference = 7C8AB0A12434712500E39098 /* PracticeSwift.app */;
			productType = "com.apple.product-type.application";
		};
/* End PBXNativeTarget section */

/* Begin PBXProject section */
		7C8AB0992434712500E39098 /* Project object */ = {
			isa = PBXProject;
			attributes = {
				LastSwiftUpdateCheck = 1140;
				LastUpgradeCheck = 1140;
				ORGANIZATIONNAME = jerold;
				TargetAttributes = {
					7C8AB0A02434712500E39098 = {
						CreatedOnToolsVersion = 11.4;
					};
				};
			};
			buildConfigurationList = 7C8AB09C2434712500E39098 /* Build configuration list for PBXProject "PracticeSwift" */;
			compatibilityVersion = "Xcode 9.3";
			developmentRegion = en;
			hasScannedForEncodings = 0;
			knownRegions = (
				en,
				Base,
			);
			mainGroup = 7C8AB0982434712500E39098;
			productRefGroup = 7C8AB0A22434712500E39098 /* Products */;
			projectDirPath = "";
			projectRoot = "";
			targets = (
				7C8AB0A02434712500E39098 /* PracticeSwift */,
			);
		};
/* End PBXProject section */

/* Begin PBXResourcesBuildPhase section */
		7C8AB09F2434712500E39098 /* Resources */ = {
			isa = PBXResourcesBuildPhase;
			buildActionMask = 2147483647;
			files = (
				7C8AB0B12434712600E39098 /* LaunchScreen.storyboard in Resources */,
				7C8AB0AE2434712600E39098 /* Assets.xcassets in Resources */,
				7C8AB0AC2434712500E39098 /* Main.storyboard in Resources */,
			);
			runOnlyForDeploymentPostprocessing = 0;
		};
/* End PBXResourcesBuildPhase section */

/* Begin PBXShellScriptBuildPhase section */
		88EB42471CFD47270EA7944A /* [CP] Embed Pods Frameworks */ = {
			isa = PBXShellScriptBuildPhase;
			buildActionMask = 2147483647;
			files = (
			);
			inputFileListPaths = (
				"${PODS_ROOT}/Target Support Files/Pods-PracticeSwift/Pods-PracticeSwift-frameworks-${CONFIGURATION}-input-files.xcfilelist",
			);
			name = "[CP] Embed Pods Frameworks";
			outputFileListPaths = (
				"${PODS_ROOT}/Target Support Files/Pods-PracticeSwift/Pods-PracticeSwift-frameworks-${CONFIGURATION}-output-files.xcfilelist",
			);
			runOnlyForDeploymentPostprocessing = 0;
			shellPath = /bin/sh;
			shellScript = "\"${PODS_ROOT}/Target Support Files/Pods-PracticeSwift/Pods-PracticeSwift-frameworks.sh\"\n";
			showEnvVarsInLog = 0;
		};
		B989B2AC3757C9E7CEBA61DD /* [CP] Check Pods Manifest.lock */ = {
			isa = PBXShellScriptBuildPhase;
			buildActionMask = 2147483647;
			files = (
			);
			inputFileListPaths = (
			);
			inputPaths = (
				"${PODS_PODFILE_DIR_PATH}/Podfile.lock",
				"${PODS_ROOT}/Manifest.lock",
			);
			name = "[CP] Check Pods Manifest.lock";
			outputFileListPaths = (
			);
			outputPaths = (
				"$(DERIVED_FILE_DIR)/Pods-PracticeSwift-checkManifestLockResult.txt",
			);
			runOnlyForDeploymentPostprocessing = 0;
			shellPath = /bin/sh;
			shellScript = "diff \"${PODS_PODFILE_DIR_PATH}/Podfile.lock\" \"${PODS_ROOT}/Manifest.lock\" > /dev/null\nif [ $? != 0 ] ; then\n    # print error to STDERR\n    echo \"error: The sandbox is not in sync with the Podfile.lock. Run 'pod install' or update your CocoaPods installation.\" >&2\n    exit 1\nfi\n# This output is used by Xcode 'outputs' to avoid re-running this script phase.\necho \"SUCCESS\" > \"${SCRIPT_OUTPUT_FILE_0}\"\n";
			showEnvVarsInLog = 0;
		};
/* End PBXShellScriptBuildPhase section */

/* Begin PBXSourcesBuildPhase section */
		7C8AB09D2434712500E39098 /* Sources */ = {
			isa = PBXSourcesBuildPhase;
			buildActionMask = 2147483647;
			files = (
				7C8AB0A92434712500E39098 /* ViewController.swift in Sources */,
				7C8AB0A52434712500E39098 /* AppDelegate.swift in Sources */,
				7C8AB0A72434712500E39098 /* SceneDelegate.swift in Sources */,
			);
			runOnlyForDeploymentPostprocessing = 0;
		};
/* End PBXSourcesBuildPhase section */

/* Begin PBXVariantGroup section */
		7C8AB0AA2434712500E39098 /* Main.storyboard */ = {
			isa = PBXVariantGroup;
			children = (
				7C8AB0AB2434712500E39098 /* Base */,
			);
			name = Main.storyboard;
			sourceTree = "<group>";
		};
		7C8AB0AF2434712600E39098 /* LaunchScreen.storyboard */ = {
			isa = PBXVariantGroup;
			children = (
				7C8AB0B02434712600E39098 /* Base */,
			);
			name = LaunchScreen.storyboard;
			sourceTree = "<group>";
		};
/* End PBXVariantGroup section */

/* Begin XCBuildConfiguration section */
		7C8AB0B32434712600E39098 /* Debug */ = {
			isa = XCBuildConfiguration;
			buildSettings = {
				ALWAYS_SEARCH_USER_PATHS = NO;
				CLANG_ANALYZER_NONNULL = YES;
				CLANG_ANALYZER_NUMBER_OBJECT_CONVERSION = YES_AGGRESSIVE;
				CLANG_CXX_LANGUAGE_STANDARD = "gnu++14";
				CLANG_CXX_LIBRARY = "libc++";
				CLANG_ENABLE_MODULES = YES;
				CLANG_ENABLE_OBJC_ARC = YES;
				CLANG_ENABLE_OBJC_WEAK = YES;
				CLANG_WARN_BLOCK_CAPTURE_AUTORELEASING = YES;
				CLANG_WARN_BOOL_CONVERSION = YES;
				CLANG_WARN_COMMA = YES;
				CLANG_WARN_CONSTANT_CONVERSION = YES;
				CLANG_WARN_DEPRECATED_OBJC_IMPLEMENTATIONS = YES;
				CLANG_WARN_DIRECT_OBJC_ISA_USAGE = YES_ERROR;
				CLANG_WARN_DOCUMENTATION_COMMENTS = YES;
				CLANG_WARN_EMPTY_BODY = YES;
				CLANG_WARN_ENUM_CONVERSION = YES;
				CLANG_WARN_INFINITE_RECURSION = YES;
				CLANG_WARN_INT_CONVERSION = YES;
				CLANG_WARN_NON_LITERAL_NULL_CONVERSION = YES;
				CLANG_WARN_OBJC_IMPLICIT_RETAIN_SELF = YES;
				CLANG_WARN_OBJC_LITERAL_CONVERSION = YES;
				CLANG_WARN_OBJC_ROOT_CLASS = YES_ERROR;
				CLANG_WARN_RANGE_LOOP_ANALYSIS = YES;
				CLANG_WARN_STRICT_PROTOTYPES = YES;
				CLANG_WARN_SUSPICIOUS_MOVE = YES;
				CLANG_WARN_UNGUARDED_AVAILABILITY = YES_AGGRESSIVE;
				CLANG_WARN_UNREACHABLE_CODE = YES;
				CLANG_WARN__DUPLICATE_METHOD_MATCH = YES;
				COPY_PHASE_STRIP = NO;
				DEBUG_INFORMATION_FORMAT = dwarf;
				ENABLE_STRICT_OBJC_MSGSEND = YES;
				ENABLE_TESTABILITY = YES;
				GCC_C_LANGUAGE_STANDARD = gnu11;
				GCC_DYNAMIC_NO_PIC = NO;
				GCC_NO_COMMON_BLOCKS = YES;
				GCC_OPTIMIZATION_LEVEL = 0;
				GCC_PREPROCESSOR_DEFINITIONS = (
					"DEBUG=1",
					"$(inherited)",
				);
				GCC_WARN_64_TO_32_BIT_CONVERSION = YES;
				GCC_WARN_ABOUT_RETURN_TYPE = YES_ERROR;
				GCC_WARN_UNDECLARED_SELECTOR = YES;
				GCC_WARN_UNINITIALIZED_AUTOS = YES_AGGRESSIVE;
				GCC_WARN_UNUSED_FUNCTION = YES;
				GCC_WARN_UNUSED_VARIABLE = YES;
				IPHONEOS_DEPLOYMENT_TARGET = 13.4;
				MTL_ENABLE_DEBUG_INFO = INCLUDE_SOURCE;
				MTL_FAST_MATH = YES;
				ONLY_ACTIVE_ARCH = YES;
				SDKROOT = iphoneos;
				SWIFT_ACTIVE_COMPILATION_CONDITIONS = DEBUG;
				SWIFT_OPTIMIZATION_LEVEL = "-Onone";
			};
			name = Debug;
		};
		7C8AB0B42434712600E39098 /* Release */ = {
			isa = XCBuildConfiguration;
			buildSettings = {
				ALWAYS_SEARCH_USER_PATHS = NO;
				CLANG_ANALYZER_NONNULL = YES;
				CLANG_ANALYZER_NUMBER_OBJECT_CONVERSION = YES_AGGRESSIVE;
				CLANG_CXX_LANGUAGE_STANDARD = "gnu++14";
				CLANG_CXX_LIBRARY = "libc++";
				CLANG_ENABLE_MODULES = YES;
				CLANG_ENABLE_OBJC_ARC = YES;
				CLANG_ENABLE_OBJC_WEAK = YES;
				CLANG_WARN_BLOCK_CAPTURE_AUTORELEASING = YES;
				CLANG_WARN_BOOL_CONVERSION = YES;
				CLANG_WARN_COMMA = YES;
				CLANG_WARN_CONSTANT_CONVERSION = YES;
				CLANG_WARN_DEPRECATED_OBJC_IMPLEMENTATIONS = YES;
				CLANG_WARN_DIRECT_OBJC_ISA_USAGE = YES_ERROR;
				CLANG_WARN_DOCUMENTATION_COMMENTS = YES;
				CLANG_WARN_EMPTY_BODY = YES;
				CLANG_WARN_ENUM_CONVERSION = YES;
				CLANG_WARN_INFINITE_RECURSION = YES;
				CLANG_WARN_INT_CONVERSION = YES;
				CLANG_WARN_NON_LITERAL_NULL_CONVERSION = YES;
				CLANG_WARN_OBJC_IMPLICIT_RETAIN_SELF = YES;
				CLANG_WARN_OBJC_LITERAL_CONVERSION = YES;
				CLANG_WARN_OBJC_ROOT_CLASS = YES_ERROR;
				CLANG_WARN_RANGE_LOOP_ANALYSIS = YES;
				CLANG_WARN_STRICT_PROTOTYPES = YES;
				CLANG_WARN_SUSPICIOUS_MOVE = YES;
				CLANG_WARN_UNGUARDED_AVAILABILITY = YES_AGGRESSIVE;
				CLANG_WARN_UNREACHABLE_CODE = YES;
				CLANG_WARN__DUPLICATE_METHOD_MATCH = YES;
				COPY_PHASE_STRIP = NO;
				DEBUG_INFORMATION_FORMAT = "dwarf-with-dsym";
				ENABLE_NS_ASSERTIONS = NO;
				ENABLE_STRICT_OBJC_MSGSEND = YES;
				GCC_C_LANGUAGE_STANDARD = gnu11;
				GCC_NO_COMMON_BLOCKS = YES;
				GCC_WARN_64_TO_32_BIT_CONVERSION = YES;
				GCC_WARN_ABOUT_RETURN_TYPE = YES_ERROR;
				GCC_WARN_UNDECLARED_SELECTOR = YES;
				GCC_WARN_UNINITIALIZED_AUTOS = YES_AGGRESSIVE;
				GCC_WARN_UNUSED_FUNCTION = YES;
				GCC_WARN_UNUSED_VARIABLE = YES;
				IPHONEOS_DEPLOYMENT_TARGET = 13.4;
				MTL_ENABLE_DEBUG_INFO = NO;
				MTL_FAST_MATH = YES;
				SDKROOT = iphoneos;
				SWIFT_COMPILATION_MODE = wholemodule;
				SWIFT_OPTIMIZATION_LEVEL = "-O";
				VALIDATE_PRODUCT = YES;
			};
			name = Release;
		};
		7C8AB0B62434712600E39098 /* Debug */ = {
			isa = XCBuildConfiguration;
			baseConfigurationReference = FFCD9FBC5014BAA9F2B93C0A /* Pods-PracticeSwift.debug.xcconfig */;
			buildSettings = {
				ASSETCATALOG_COMPILER_APPICON_NAME = AppIcon;
				CODE_SIGN_STYLE = Automatic;
				INFOPLIST_FILE = PracticeSwift/Info.plist;
				IPHONEOS_DEPLOYMENT_TARGET = 13.3;
				LD_RUNPATH_SEARCH_PATHS = (
					"$(inherited)",
					"@executable_path/Frameworks",
				);
				PRODUCT_BUNDLE_IDENTIFIER = jerold.PracticeSwift;
				PRODUCT_NAME = "$(TARGET_NAME)";
				SWIFT_VERSION = 5.0;
				TARGETED_DEVICE_FAMILY = "1,2";
			};
			name = Debug;
		};
		7C8AB0B72434712600E39098 /* Release */ = {
			isa = XCBuildConfiguration;
			baseConfigurationReference = 081B6E6DE12F275CA72EA4E6 /* Pods-PracticeSwift.release.xcconfig */;
			buildSettings = {
				ASSETCATALOG_COMPILER_APPICON_NAME = AppIcon;
				CODE_SIGN_STYLE = Automatic;
				INFOPLIST_FILE = PracticeSwift/Info.plist;
				IPHONEOS_DEPLOYMENT_TARGET = 13.3;
				LD_RUNPATH_SEARCH_PATHS = (
					"$(inherited)",
					"@executable_path/Frameworks",
				);
				PRODUCT_BUNDLE_IDENTIFIER = jerold.PracticeSwift;
				PRODUCT_NAME = "$(TARGET_NAME)";
				SWIFT_VERSION = 5.0;
				TARGETED_DEVICE_FAMILY = "1,2";
			};
			name = Release;
		};
/* End XCBuildConfiguration section */

/* Begin XCConfigurationList section */
		7C8AB09C2434712500E39098 /* Build configuration list for PBXProject "PracticeSwift" */ = {
			isa = XCConfigurationList;
			buildConfigurations = (
				7C8AB0B32434712600E39098 /* Debug */,
				7C8AB0B42434712600E39098 /* Release */,
			);
			defaultConfigurationIsVisible = 0;
			defaultConfigurationName = Release;
		};
		7C8AB0B52434712600E39098 /* Build configuration list for PBXNativeTarget "PracticeSwift" */ = {
			isa = XCConfigurationList;
			buildConfigurations = (
				7C8AB0B62434712600E39098 /* Debug */,
				7C8AB0B72434712600E39098 /* Release */,
			);
			defaultConfigurationIsVisible = 0;
			defaultConfigurationName = Release;
		};
/* End XCConfigurationList section */
	};
	rootObject = 7C8AB0992434712500E39098 /* Project object */;
}
